// !$*UTF8*$!
{
	archiveVersion = 1;
	classes = {
	};
	objectVersion = 46;
	objects = {

/* Begin PBXBuildFile section */
		86C094341C891F9A004499FB /* main.m in Sources */ = {isa = PBXBuildFile; fileRef = 86C094331C891F9A004499FB /* main.m */; };
		86C094371C891F9A004499FB /* AppDelegate.m in Sources */ = {isa = PBXBuildFile; fileRef = 86C094361C891F9A004499FB /* AppDelegate.m */; };
		86C0943A1C891F9A004499FB /* ViewController.m in Sources */ = {isa = PBXBuildFile; fileRef = 86C094391C891F9A004499FB /* ViewController.m */; };
		86C0943D1C891F9A004499FB /* Main.storyboard in Resources */ = {isa = PBXBuildFile; fileRef = 86C0943B1C891F9A004499FB /* Main.storyboard */; };
		86C0943F1C891F9B004499FB /* Assets.xcassets in Resources */ = {isa = PBXBuildFile; fileRef = 86C0943E1C891F9B004499FB /* Assets.xcassets */; };
		86C094421C891F9B004499FB /* LaunchScreen.storyboard in Resources */ = {isa = PBXBuildFile; fileRef = 86C094401C891F9B004499FB /* LaunchScreen.storyboard */; };
		86C0944D1C891F9B004499FB /* MyfirstItemTests.m in Sources */ = {isa = PBXBuildFile; fileRef = 86C0944C1C891F9B004499FB /* MyfirstItemTests.m */; };
		86C094581C891F9B004499FB /* MyfirstItemUITests.m in Sources */ = {isa = PBXBuildFile; fileRef = 86C094571C891F9B004499FB /* MyfirstItemUITests.m */; };
/* End PBXBuildFile section */

/* Begin PBXContainerItemProxy section */
		86C094491C891F9B004499FB /* PBXContainerItemProxy */ = {
			isa = PBXContainerItemProxy;
			containerPortal = 86C094271C891F9A004499FB /* Project object */;
			proxyType = 1;
			remoteGlobalIDString = 86C0942E1C891F9A004499FB;
			remoteInfo = MyfirstItem;
		};
		86C094541C891F9B004499FB /* PBXContainerItemProxy */ = {
			isa = PBXContainerItemProxy;
			containerPortal = 86C094271C891F9A004499FB /* Project object */;
			proxyType = 1;
			remoteGlobalIDString = 86C0942E1C891F9A004499FB;
			remoteInfo = MyfirstItem;
		};
/* End PBXContainerItemProxy section */

/* Begin PBXFileReference section */
		86C0942F1C891F9A004499FB /* MyfirstItem.app */ = {isa = PBXFileReference; explicitFileType = wrapper.application; includeInIndex = 0; path = MyfirstItem.app; sourceTree = BUILT_PRODUCTS_DIR; };
		86C094331C891F9A004499FB /* main.m */ = {isa = PBXFileReference; lastKnownFileType = sourcecode.c.objc; path = main.m; sourceTree = "<group>"; };
		86C094351C891F9A004499FB /* AppDelegate.h */ = {isa = PBXFileReference; lastKnownFileType = sourcecode.c.h; path = AppDelegate.h; sourceTree = "<group>"; };
		86C094361C891F9A004499FB /* AppDelegate.m */ = {isa = PBXFileReference; lastKnownFileType = sourcecode.c.objc; path = AppDelegate.m; sourceTree = "<group>"; };
		86C094381C891F9A004499FB /* ViewController.h */ = {isa = PBXFileReference; lastKnownFileType = sourcecode.c.h; path = ViewController.h; sourceTree = "<group>"; };
		86C094391C891F9A004499FB /* ViewController.m */ = {isa = PBXFileReference; lastKnownFileType = sourcecode.c.objc; path = ViewController.m; sourceTree = "<group>"; };
		86C0943C1C891F9A004499FB /* Base */ = {isa = PBXFileReference; lastKnownFileType = file.storyboard; name = Base; path = Base.lproj/Main.storyboard; sourceTree = "<group>"; };
		86C0943E1C891F9B004499FB /* Assets.xcassets */ = {isa = PBXFileReference; lastKnownFileType = folder.assetcatalog; path = Assets.xcassets; sourceTree = "<group>"; };
		86C094411C891F9B004499FB /* Base */ = {isa = PBXFileReference; lastKnownFileType = file.storyboard; name = Base; path = Base.lproj/LaunchScreen.storyboard; sourceTree = "<group>"; };
		86C094431C891F9B004499FB /* Info.plist */ = {isa = PBXFileReference; lastKnownFileType = text.plist.xml; path = Info.plist; sourceTree = "<group>"; };
		86C094481C891F9B004499FB /* MyfirstItemTests.xctest */ = {isa = PBXFileReference; explicitFileType = wrapper.cfbundle; includeInIndex = 0; path = MyfirstItemTests.xctest; sourceTree = BUILT_PRODUCTS_DIR; };
		86C0944C1C891F9B004499FB /* MyfirstItemTests.m */ = {isa = PBXFileReference; lastKnownFileType = sourcecode.c.objc; path = MyfirstItemTests.m; sourceTree = "<group>"; };
		86C0944E1C891F9B004499FB /* Info.plist */ = {isa = PBXFileReference; lastKnownFileType = text.plist.xml; path = Info.plist; sourceTree = "<group>"; };
		86C094531C891F9B004499FB /* MyfirstItemUITests.xctest */ = {isa = PBXFileReference; explicitFileType = wrapper.cfbundle; includeInIndex = 0; path = MyfirstItemUITests.xctest; sourceTree = BUILT_PRODUCTS_DIR; };
		86C094571C891F9B004499FB /* MyfirstItemUITests.m */ = {isa = PBXFileReference; lastKnownFileType = sourcecode.c.objc; path = MyfirstItemUITests.m; sourceTree = "<group>"; };
		86C094591C891F9B004499FB /* Info.plist */ = {isa = PBXFileReference; lastKnownFileType = text.plist.xml; path = Info.plist; sourceTree = "<group>"; };
/* End PBXFileReference section */

/* Begin PBXFrameworksBuildPhase section */
		86C0942C1C891F9A004499FB /* Frameworks */ = {
			isa = PBXFrameworksBuildPhase;
			buildActionMask = 2147483647;
			files = (
			);
			runOnlyForDeploymentPostprocessing = 0;
		};
		86C094451C891F9B004499FB /* Frameworks */ = {
			isa = PBXFrameworksBuildPhase;
			buildActionMask = 2147483647;
			files = (
			);
			runOnlyForDeploymentPostprocessing = 0;
		};
		86C094501C891F9B004499FB /* Frameworks */ = {
			isa = PBXFrameworksBuildPhase;
			buildActionMask = 2147483647;
			files = (
			);
			runOnlyForDeploymentPostprocessing = 0;
		};
/* End PBXFrameworksBuildPhase section */

/* Begin PBXGroup section */
		86C094261C891F9A004499FB = {
			isa = PBXGroup;
			children = (
				86C094311C891F9A004499FB /* MyfirstItem */,
				86C0944B1C891F9B004499FB /* MyfirstItemTests */,
				86C094561C891F9B004499FB /* MyfirstItemUITests */,
				86C094301C891F9A004499FB /* Products */,
			);
			sourceTree = "<group>";
		};
		86C094301C891F9A004499FB /* Products */ = {
			isa = PBXGroup;
			children = (
				86C0942F1C891F9A004499FB /* MyfirstItem.app */,
				86C094481C891F9B004499FB /* MyfirstItemTests.xctest */,
				86C094531C891F9B004499FB /* MyfirstItemUITests.xctest */,
			);
			name = Products;
			sourceTree = "<group>";
		};
		86C094311C891F9A004499FB /* MyfirstItem */ = {
			isa = PBXGroup;
			children = (
				86C094351C891F9A004499FB /* AppDelegate.h */,
				86C094361C891F9A004499FB /* AppDelegate.m */,
				86C094381C891F9A004499FB /* ViewController.h */,
				86C094391C891F9A004499FB /* ViewController.m */,
				86C0943B1C891F9A004499FB /* Main.storyboard */,
				86C0943E1C891F9B004499FB /* Assets.xcassets */,
				86C094401C891F9B004499FB /* LaunchScreen.storyboard */,
				86C094431C891F9B004499FB /* Info.plist */,
				86C094321C891F9A004499FB /* Supporting Files */,
			);
			path = MyfirstItem;
			sourceTree = "<group>";
		};
		86C094321C891F9A004499FB /* Supporting Files */ = {
			isa = PBXGroup;
			children = (
				86C094331C891F9A004499FB /* main.m */,
			);
			name = "Supporting Files";
			sourceTree = "<group>";
		};
		86C0944B1C891F9B004499FB /* MyfirstItemTests */ = {
			isa = PBXGroup;
			children = (
				86C0944C1C891F9B004499FB /* MyfirstItemTests.m */,
				86C0944E1C891F9B004499FB /* Info.plist */,
			);
			path = MyfirstItemTests;
			sourceTree = "<group>";
		};
		86C094561C891F9B004499FB /* MyfirstItemUITests */ = {
			isa = PBXGroup;
			children = (
				86C094571C891F9B004499FB /* MyfirstItemUITests.m */,
				86C094591C891F9B004499FB /* Info.plist */,
			);
			path = MyfirstItemUITests;
			sourceTree = "<group>";
		};
/* End PBXGroup section */

/* Begin PBXNativeTarget section */
		86C0942E1C891F9A004499FB /* MyfirstItem */ = {
			isa = PBXNativeTarget;
			buildConfigurationList = 86C0945C1C891F9B004499FB /* Build configuration list for PBXNativeTarget "MyfirstItem" */;
			buildPhases = (
				86C0942B1C891F9A004499FB /* Sources */,
				86C0942C1C891F9A004499FB /* Frameworks */,
				86C0942D1C891F9A004499FB /* Resources */,
			);
			buildRules = (
			);
			dependencies = (
			);
			name = MyfirstItem;
			productName = MyfirstItem;
			productReference = 86C0942F1C891F9A004499FB /* MyfirstItem.app */;
			productType = "com.apple.product-type.application";
		};
		86C094471C891F9B004499FB /* MyfirstItemTests */ = {
			isa = PBXNativeTarget;
			buildConfigurationList = 86C0945F1C891F9B004499FB /* Build configuration list for PBXNativeTarget "MyfirstItemTests" */;
			buildPhases = (
				86C094441C891F9B004499FB /* Sources */,
				86C094451C891F9B004499FB /* Frameworks */,
				86C094461C891F9B004499FB /* Resources */,
			);
			buildRules = (
			);
			dependencies = (
				86C0944A1C891F9B004499FB /* PBXTargetDependency */,
			);
			name = MyfirstItemTests;
			productName = MyfirstItemTests;
			productReference = 86C094481C891F9B004499FB /* MyfirstItemTests.xctest */;
			productType = "com.apple.product-type.bundle.unit-test";
		};
		86C094521C891F9B004499FB /* MyfirstItemUITests */ = {
			isa = PBXNativeTarget;
			buildConfigurationList = 86C094621C891F9B004499FB /* Build configuration list for PBXNativeTarget "MyfirstItemUITests" */;
			buildPhases = (
				86C0944F1C891F9B004499FB /* Sources */,
				86C094501C891F9B004499FB /* Frameworks */,
				86C094511C891F9B004499FB /* Resources */,
			);
			buildRules = (
			);
			dependencies = (
				86C094551C891F9B004499FB /* PBXTargetDependency */,
			);
			name = MyfirstItemUITests;
			productName = MyfirstItemUITests;
			productReference = 86C094531C891F9B004499FB /* MyfirstItemUITests.xctest */;
			productType = "com.apple.product-type.bundle.ui-testing";
		};
/* End PBXNativeTarget section */

/* Begin PBXProject section */
		86C094271C891F9A004499FB /* Project object */ = {
			isa = PBXProject;
			attributes = {
				LastUpgradeCheck = 0710;
				ORGANIZATIONNAME = "晨阳";
				TargetAttributes = {
					86C0942E1C891F9A004499FB = {
						CreatedOnToolsVersion = 7.1;
					};
					86C094471C891F9B004499FB = {
						CreatedOnToolsVersion = 7.1;
						TestTargetID = 86C0942E1C891F9A004499FB;
					};
					86C094521C891F9B004499FB = {
						CreatedOnToolsVersion = 7.1;
						TestTargetID = 86C0942E1C891F9A004499FB;
					};
				};
			};
			buildConfigurationList = 86C0942A1C891F9A004499FB /* Build configuration list for PBXProject "MyfirstItem" */;
			compatibilityVersion = "Xcode 3.2";
			developmentRegion = English;
			hasScannedForEncodings = 0;
			knownRegions = (
				en,
				Base,
			);
			mainGroup = 86C094261C891F9A004499FB;
			productRefGroup = 86C094301C891F9A004499FB /* Products */;
			projectDirPath = "";
			projectRoot = "";
			targets = (
				86C0942E1C891F9A004499FB /* MyfirstItem */,
				86C094471C891F9B004499FB /* MyfirstItemTests */,
				86C094521C891F9B004499FB /* MyfirstItemUITests */,
			);
		};
/* End PBXProject section */

/* Begin PBXResourcesBuildPhase section */
		86C0942D1C891F9A004499FB /* Resources */ = {
			isa = PBXResourcesBuildPhase;
			buildActionMask = 2147483647;
			files = (
				86C094421C891F9B004499FB /* LaunchScreen.storyboard in Resources */,
				86C0943F1C891F9B004499FB /* Assets.xcassets in Resources */,
				86C0943D1C891F9A004499FB /* Main.storyboard in Resources */,
			);
			runOnlyForDeploymentPostprocessing = 0;
		};
		86C094461C891F9B004499FB /* Resources */ = {
			isa = PBXResourcesBuildPhase;
			buildActionMask = 2147483647;
			files = (
			);
			runOnlyForDeploymentPostprocessing = 0;
		};
		86C094511C891F9B004499FB /* Resources */ = {
			isa = PBXResourcesBuildPhase;
			buildActionMask = 2147483647;
			files = (
			);
			runOnlyForDeploymentPostprocessing = 0;
		};
/* End PBXResourcesBuildPhase section */

/* Begin PBXSourcesBuildPhase section */
		86C0942B1C891F9A004499FB /* Sources */ = {
			isa = PBXSourcesBuildPhase;
			buildActionMask = 2147483647;
			files = (
				86C0943A1C891F9A004499FB /* ViewController.m in Sources */,
				86C094371C891F9A004499FB /* AppDelegate.m in Sources */,
				86C094341C891F9A004499FB /* main.m in Sources */,
			);
			runOnlyForDeploymentPostprocessing = 0;
		};
		86C094441C891F9B004499FB /* Sources */ = {
			isa = PBXSourcesBuildPhase;
			buildActionMask = 2147483647;
			files = (
				86C0944D1C891F9B004499FB /* MyfirstItemTests.m in Sources */,
			);
			runOnlyForDeploymentPostprocessing = 0;
		};
		86C0944F1C891F9B004499FB /* Sources */ = {
			isa = PBXSourcesBuildPhase;
			buildActionMask = 2147483647;
			files = (
				86C094581C891F9B004499FB /* MyfirstItemUITests.m in Sources */,
			);
			runOnlyForDeploymentPostprocessing = 0;
		};
/* End PBXSourcesBuildPhase section */

/* Begin PBXTargetDependency section */
		86C0944A1C891F9B004499FB /* PBXTargetDependency */ = {
			isa = PBXTargetDependency;
			target = 86C0942E1C891F9A004499FB /* MyfirstItem */;
			targetProxy = 86C094491C891F9B004499FB /* PBXContainerItemProxy */;
		};
		86C094551C891F9B004499FB /* PBXTargetDependency */ = {
			isa = PBXTargetDependency;
			target = 86C0942E1C891F9A004499FB /* MyfirstItem */;
			targetProxy = 86C094541C891F9B004499FB /* PBXContainerItemProxy */;
		};
/* End PBXTargetDependency section */

/* Begin PBXVariantGroup section */
		86C0943B1C891F9A004499FB /* Main.storyboard */ = {
			isa = PBXVariantGroup;
			children = (
				86C0943C1C891F9A004499FB /* Base */,
			);
			name = Main.storyboard;
			sourceTree = "<group>";
		};
		86C094401C891F9B004499FB /* LaunchScreen.storyboard */ = {
			isa = PBXVariantGroup;
			children = (
				86C094411C891F9B004499FB /* Base */,
			);
			name = LaunchScreen.storyboard;
			sourceTree = "<group>";
		};
/* End PBXVariantGroup section */

/* Begin XCBuildConfiguration section */
		86C0945A1C891F9B004499FB /* Debug */ = {
			isa = XCBuildConfiguration;
			buildSettings = {
				ALWAYS_SEARCH_USER_PATHS = NO;
				CLANG_CXX_LANGUAGE_STANDARD = "gnu++0x";
				CLANG_CXX_LIBRARY = "libc++";
				CLANG_ENABLE_MODULES = YES;
				CLANG_ENABLE_OBJC_ARC = YES;
				CLANG_WARN_BOOL_CONVERSION = YES;
				CLANG_WARN_CONSTANT_CONVERSION = YES;
				CLANG_WARN_DIRECT_OBJC_ISA_USAGE = YES_ERROR;
				CLANG_WARN_EMPTY_BODY = YES;
				CLANG_WARN_ENUM_CONVERSION = YES;
				CLANG_WARN_INT_CONVERSION = YES;
				CLANG_WARN_OBJC_ROOT_CLASS = YES_ERROR;
				CLANG_WARN_UNREACHABLE_CODE = YES;
				CLANG_WARN__DUPLICATE_METHOD_MATCH = YES;
				"CODE_SIGN_IDENTITY[sdk=iphoneos*]" = "iPhone Developer";
				COPY_PHASE_STRIP = NO;
				DEBUG_INFORMATION_FORMAT = dwarf;
				ENABLE_STRICT_OBJC_MSGSEND = YES;
				ENABLE_TESTABILITY = YES;
				GCC_C_LANGUAGE_STANDARD = gnu99;
				GCC_DYNAMIC_NO_PIC = NO;
				GCC_NO_COMMON_BLOCKS = YES;
				GCC_OPTIMIZATION_LEVEL = 0;
				GCC_PREPROCESSOR_DEFINITIONS = (
					"DEBUG=1",
					"$(inherited)",
				);
				GCC_WARN_64_TO_32_BIT_CONVERSION = YES;
				GCC_WARN_ABOUT_RETURN_TYPE = YES_ERROR;
				GCC_WARN_UNDECLARED_SELECTOR = YES;
				GCC_WARN_UNINITIALIZED_AUTOS = YES_AGGRESSIVE;
				GCC_WARN_UNUSED_FUNCTION = YES;
				GCC_WARN_UNUSED_VARIABLE = YES;
				IPHONEOS_DEPLOYMENT_TARGET = 9.1;
				MTL_ENABLE_DEBUG_INFO = YES;
				ONLY_ACTIVE_ARCH = YES;
				SDKROOT = iphoneos;
			};
			name = Debug;
		};
		86C0945B1C891F9B004499FB /* Release */ = {
			isa = XCBuildConfiguration;
			buildSettings = {
				ALWAYS_SEARCH_USER_PATHS = NO;
				CLANG_CXX_LANGUAGE_STANDARD = "gnu++0x";
				CLANG_CXX_LIBRARY = "libc++";
				CLANG_ENABLE_MODULES = YES;
				CLANG_ENABLE_OBJC_ARC = YES;
				CLANG_WARN_BOOL_CONVERSION = YES;
				CLANG_WARN_CONSTANT_CONVERSION = YES;
				CLANG_WARN_DIRECT_OBJC_ISA_USAGE = YES_ERROR;
				CLANG_WARN_EMPTY_BODY = YES;
				CLANG_WARN_ENUM_CONVERSION = YES;
				CLANG_WARN_INT_CONVERSION = YES;
				CLANG_WARN_OBJC_ROOT_CLASS = YES_ERROR;
				CLANG_WARN_UNREACHABLE_CODE = YES;
				CLANG_WARN__DUPLICATE_METHOD_MATCH = YES;
				"CODE_SIGN_IDENTITY[sdk=iphoneos*]" = "iPhone Developer";
				COPY_PHASE_STRIP = NO;
				DEBUG_INFORMATION_FORMAT = "dwarf-with-dsym";
				ENABLE_NS_ASSERTIONS = NO;
				ENABLE_STRICT_OBJC_MSGSEND = YES;
				GCC_C_LANGUAGE_STANDARD = gnu99;
				GCC_NO_COMMON_BLOCKS = YES;
				GCC_WARN_64_TO_32_BIT_CONVERSION = YES;
				GCC_WARN_ABOUT_RETURN_TYPE = YES_ERROR;
				GCC_WARN_UNDECLARED_SELECTOR = YES;
				GCC_WARN_UNINITIALIZED_AUTOS = YES_AGGRESSIVE;
				GCC_WARN_UNUSED_FUNCTION = YES;
				GCC_WARN_UNUSED_VARIABLE = YES;
				IPHONEOS_DEPLOYMENT_TARGET = 9.1;
				MTL_ENABLE_DEBUG_INFO = NO;
				SDKROOT = iphoneos;
				VALIDATE_PRODUCT = YES;
			};
			name = Release;
		};
		86C0945D1C891F9B004499FB /* Debug */ = {
			isa = XCBuildConfiguration;
			buildSettings = {
				ASSETCATALOG_COMPILER_APPICON_NAME = AppIcon;
				INFOPLIST_FILE = MyfirstItem/Info.plist;
				LD_RUNPATH_SEARCH_PATHS = "$(inherited) @executable_path/Frameworks";
				PRODUCT_BUNDLE_IDENTIFIER = "--.MyfirstItem";
				PRODUCT_NAME = "$(TARGET_NAME)";
			};
			name = Debug;
		};
		86C0945E1C891F9B004499FB /* Release */ = {
			isa = XCBuildConfiguration;
			buildSettings = {
				ASSETCATALOG_COMPILER_APPICON_NAME = AppIcon;
				INFOPLIST_FILE = MyfirstItem/Info.plist;
				LD_RUNPATH_SEARCH_PATHS = "$(inherited) @executable_path/Frameworks";
				PRODUCT_BUNDLE_IDENTIFIER = "--.MyfirstItem";
				PRODUCT_NAME = "$(TARGET_NAME)";
			};
			name = Release;
		};
		86C094601C891F9B004499FB /* Debug */ = {
			isa = XCBuildConfiguration;
			buildSettings = {
				BUNDLE_LOADER = "$(TEST_HOST)";
				INFOPLIST_FILE = MyfirstItemTests/Info.plist;
				LD_RUNPATH_SEARCH_PATHS = "$(inherited) @executable_path/Frameworks @loader_path/Frameworks";
				PRODUCT_BUNDLE_IDENTIFIER = "--.MyfirstItemTests";
				PRODUCT_NAME = "$(TARGET_NAME)";
				TEST_HOST = "$(BUILT_PRODUCTS_DIR)/MyfirstItem.app/MyfirstItem";
			};
			name = Debug;
		};
		86C094611C891F9B004499FB /* Release */ = {
			isa = XCBuildConfiguration;
			buildSettings = {
				BUNDLE_LOADER = "$(TEST_HOST)";
				INFOPLIST_FILE = MyfirstItemTests/Info.plist;
				LD_RUNPATH_SEARCH_PATHS = "$(inherited) @executable_path/Frameworks @loader_path/Frameworks";
				PRODUCT_BUNDLE_IDENTIFIER = "--.MyfirstItemTests";
				PRODUCT_NAME = "$(TARGET_NAME)";
				TEST_HOST = "$(BUILT_PRODUCTS_DIR)/MyfirstItem.app/MyfirstItem";
			};
			name = Release;
		};
		86C094631C891F9B004499FB /* Debug */ = {
			isa = XCBuildConfiguration;
			buildSettings = {
				INFOPLIST_FILE = MyfirstItemUITests/Info.plist;
				LD_RUNPATH_SEARCH_PATHS = "$(inherited) @executable_path/Frameworks @loader_path/Frameworks";
				PRODUCT_BUNDLE_IDENTIFIER = "--.MyfirstItemUITests";
				PRODUCT_NAME = "$(TARGET_NAME)";
				TEST_TARGET_NAME = MyfirstItem;
				USES_XCTRUNNER = YES;
			};
			name = Debug;
		};
		86C094641C891F9B004499FB /* Release */ = {
			isa = XCBuildConfiguration;
			buildSettings = {
				INFOPLIST_FILE = MyfirstItemUITests/Info.plist;
				LD_RUNPATH_SEARCH_PATHS = "$(inherited) @executable_path/Frameworks @loader_path/Frameworks";
				PRODUCT_BUNDLE_IDENTIFIER = "--.MyfirstItemUITests";
				PRODUCT_NAME = "$(TARGET_NAME)";
				TEST_TARGET_NAME = MyfirstItem;
				USES_XCTRUNNER = YES;
			};
			name = Release;
		};
/* End XCBuildConfiguration section */

/* Begin XCConfigurationList section */
		86C0942A1C891F9A004499FB /* Build configuration list for PBXProject "MyfirstItem" */ = {
			isa = XCConfigurationList;
			buildConfigurations = (
				86C0945A1C891F9B004499FB /* Debug */,
				86C0945B1C891F9B004499FB /* Release */,
			);
			defaultConfigurationIsVisible = 0;
			defaultConfigurationName = Release;
		};
		86C0945C1C891F9B004499FB /* Build configuration list for PBXNativeTarget "MyfirstItem" */ = {
			isa = XCConfigurationList;
			buildConfigurations = (
				86C0945D1C891F9B004499FB /* Debug */,
				86C0945E1C891F9B004499FB /* Release */,
			);
			defaultConfigurationIsVisible = 0;
		};
		86C0945F1C891F9B004499FB /* Build configuration list for PBXNativeTarget "MyfirstItemTests" */ = {
			isa = XCConfigurationList;
			buildConfigurations = (
				86C094601C891F9B004499FB /* Debug */,
				86C094611C891F9B004499FB /* Release */,
			);
			defaultConfigurationIsVisible = 0;
		};
		86C094621C891F9B004499FB /* Build configuration list for PBXNativeTarget "MyfirstItemUITests" */ = {
			isa = XCConfigurationList;
			buildConfigurations = (
				86C094631C891F9B004499FB /* Debug */,
				86C094641C891F9B004499FB /* Release */,
			);
			defaultConfigurationIsVisible = 0;
		};
/* End XCConfigurationList section */
	};
	rootObject = 86C094271C891F9A004499FB /* Project object */;
}
